// !$*UTF8*$!
{
	archiveVersion = 1;
	classes = {
	};
	objectVersion = 50;
	objects = {

/* Begin PBXBuildFile section */
		46FE7CBA20FED45F00FFE0DF /* AppDelegate.swift in Sources */ = {isa = PBXBuildFile; fileRef = 46FE7CB920FED45F00FFE0DF /* AppDelegate.swift */; };
		46FE7CBC20FED45F00FFE0DF /* ViewController.swift in Sources */ = {isa = PBXBuildFile; fileRef = 46FE7CBB20FED45F00FFE0DF /* ViewController.swift */; };
		46FE7CBF20FED45F00FFE0DF /* Main.storyboard in Resources */ = {isa = PBXBuildFile; fileRef = 46FE7CBD20FED45F00FFE0DF /* Main.storyboard */; };
		46FE7CC120FED46100FFE0DF /* Assets.xcassets in Resources */ = {isa = PBXBuildFile; fileRef = 46FE7CC020FED46100FFE0DF /* Assets.xcassets */; };
		46FE7CC420FED46100FFE0DF /* LaunchScreen.storyboard in Resources */ = {isa = PBXBuildFile; fileRef = 46FE7CC220FED46100FFE0DF /* LaunchScreen.storyboard */; };
		46FE7CCF20FED46200FFE0DF /* bonmot_sampleTests.swift in Sources */ = {isa = PBXBuildFile; fileRef = 46FE7CCE20FED46200FFE0DF /* bonmot_sampleTests.swift */; };
		5E7AC319F06831EDCD8122E4 /* Pods_bonmot_sampleTests.framework in Frameworks */ = {isa = PBXBuildFile; fileRef = D1026F9F99979D6FE5C3729E /* Pods_bonmot_sampleTests.framework */; };
		A835CA47FD6D7F843897C1AC /* Pods_bonmot_sample.framework in Frameworks */ = {isa = PBXBuildFile; fileRef = 55D3A177DF010DE5B80D8458 /* Pods_bonmot_sample.framework */; };
/* End PBXBuildFile section */

/* Begin PBXContainerItemProxy section */
		46FE7CCB20FED46200FFE0DF /* PBXContainerItemProxy */ = {
			isa = PBXContainerItemProxy;
			containerPortal = 46FE7CAE20FED45F00FFE0DF /* Project object */;
			proxyType = 1;
			remoteGlobalIDString = 46FE7CB520FED45F00FFE0DF;
			remoteInfo = "bonmot-sample";
		};
/* End PBXContainerItemProxy section */

/* Begin PBXFileReference section */
		46FE7CB620FED45F00FFE0DF /* bonmot-sample.app */ = {isa = PBXFileReference; explicitFileType = wrapper.application; includeInIndex = 0; path = "bonmot-sample.app"; sourceTree = BUILT_PRODUCTS_DIR; };
		46FE7CB920FED45F00FFE0DF /* AppDelegate.swift */ = {isa = PBXFileReference; lastKnownFileType = sourcecode.swift; path = AppDelegate.swift; sourceTree = "<group>"; };
		46FE7CBB20FED45F00FFE0DF /* ViewController.swift */ = {isa = PBXFileReference; lastKnownFileType = sourcecode.swift; path = ViewController.swift; sourceTree = "<group>"; };
		46FE7CBE20FED45F00FFE0DF /* Base */ = {isa = PBXFileReference; lastKnownFileType = file.storyboard; name = Base; path = Base.lproj/Main.storyboard; sourceTree = "<group>"; };
		46FE7CC020FED46100FFE0DF /* Assets.xcassets */ = {isa = PBXFileReference; lastKnownFileType = folder.assetcatalog; path = Assets.xcassets; sourceTree = "<group>"; };
		46FE7CC320FED46100FFE0DF /* Base */ = {isa = PBXFileReference; lastKnownFileType = file.storyboard; name = Base; path = Base.lproj/LaunchScreen.storyboard; sourceTree = "<group>"; };
		46FE7CC520FED46100FFE0DF /* Info.plist */ = {isa = PBXFileReference; lastKnownFileType = text.plist.xml; path = Info.plist; sourceTree = "<group>"; };
		46FE7CCA20FED46200FFE0DF /* bonmot-sampleTests.xctest */ = {isa = PBXFileReference; explicitFileType = wrapper.cfbundle; includeInIndex = 0; path = "bonmot-sampleTests.xctest"; sourceTree = BUILT_PRODUCTS_DIR; };
		46FE7CCE20FED46200FFE0DF /* bonmot_sampleTests.swift */ = {isa = PBXFileReference; lastKnownFileType = sourcecode.swift; path = bonmot_sampleTests.swift; sourceTree = "<group>"; };
		46FE7CD020FED46200FFE0DF /* Info.plist */ = {isa = PBXFileReference; lastKnownFileType = text.plist.xml; path = Info.plist; sourceTree = "<group>"; };
		54A3F6A2619D47E7AF698986 /* Pods-bonmot-sampleTests.release.xcconfig */ = {isa = PBXFileReference; includeInIndex = 1; lastKnownFileType = text.xcconfig; name = "Pods-bonmot-sampleTests.release.xcconfig"; path = "Pods/Target Support Files/Pods-bonmot-sampleTests/Pods-bonmot-sampleTests.release.xcconfig"; sourceTree = "<group>"; };
		55D3A177DF010DE5B80D8458 /* Pods_bonmot_sample.framework */ = {isa = PBXFileReference; explicitFileType = wrapper.framework; includeInIndex = 0; path = Pods_bonmot_sample.framework; sourceTree = BUILT_PRODUCTS_DIR; };
		8FC735F03311CA6D4E769235 /* Pods-bonmot-sample.debug.xcconfig */ = {isa = PBXFileReference; includeInIndex = 1; lastKnownFileType = text.xcconfig; name = "Pods-bonmot-sample.debug.xcconfig"; path = "Pods/Target Support Files/Pods-bonmot-sample/Pods-bonmot-sample.debug.xcconfig"; sourceTree = "<group>"; };
		A4C7FE0689F8E78E13A0E353 /* Pods-bonmot-sampleTests.debug.xcconfig */ = {isa = PBXFileReference; includeInIndex = 1; lastKnownFileType = text.xcconfig; name = "Pods-bonmot-sampleTests.debug.xcconfig"; path = "Pods/Target Support Files/Pods-bonmot-sampleTests/Pods-bonmot-sampleTests.debug.xcconfig"; sourceTree = "<group>"; };
		C4332F1F4FE0E3143F2ABC9C /* Pods-bonmot-sample.release.xcconfig */ = {isa = PBXFileReference; includeInIndex = 1; lastKnownFileType = text.xcconfig; name = "Pods-bonmot-sample.release.xcconfig"; path = "Pods/Target Support Files/Pods-bonmot-sample/Pods-bonmot-sample.release.xcconfig"; sourceTree = "<group>"; };
		D1026F9F99979D6FE5C3729E /* Pods_bonmot_sampleTests.framework */ = {isa = PBXFileReference; explicitFileType = wrapper.framework; includeInIndex = 0; path = Pods_bonmot_sampleTests.framework; sourceTree = BUILT_PRODUCTS_DIR; };
/* End PBXFileReference section */

/* Begin PBXFrameworksBuildPhase section */
		46FE7CB320FED45F00FFE0DF /* Frameworks */ = {
			isa = PBXFrameworksBuildPhase;
			buildActionMask = 2147483647;
			files = (
				A835CA47FD6D7F843897C1AC /* Pods_bonmot_sample.framework in Frameworks */,
			);
			runOnlyForDeploymentPostprocessing = 0;
		};
		46FE7CC720FED46200FFE0DF /* Frameworks */ = {
			isa = PBXFrameworksBuildPhase;
			buildActionMask = 2147483647;
			files = (
				5E7AC319F06831EDCD8122E4 /* Pods_bonmot_sampleTests.framework in Frameworks */,
			);
			runOnlyForDeploymentPostprocessing = 0;
		};
/* End PBXFrameworksBuildPhase section */

/* Begin PBXGroup section */
		2E12E9D87B2BEEBA839D82A3 /* Pods */ = {
			isa = PBXGroup;
			children = (
				8FC735F03311CA6D4E769235 /* Pods-bonmot-sample.debug.xcconfig */,
				C4332F1F4FE0E3143F2ABC9C /* Pods-bonmot-sample.release.xcconfig */,
				A4C7FE0689F8E78E13A0E353 /* Pods-bonmot-sampleTests.debug.xcconfig */,
				54A3F6A2619D47E7AF698986 /* Pods-bonmot-sampleTests.release.xcconfig */,
			);
			name = Pods;
			sourceTree = "<group>";
		};
		46FE7CAD20FED45F00FFE0DF = {
			isa = PBXGroup;
			children = (
				46FE7CB820FED45F00FFE0DF /* bonmot-sample */,
				46FE7CCD20FED46200FFE0DF /* bonmot-sampleTests */,
				46FE7CB720FED45F00FFE0DF /* Products */,
				2E12E9D87B2BEEBA839D82A3 /* Pods */,
				53AD566F3252E6EB74534718 /* Frameworks */,
			);
			sourceTree = "<group>";
		};
		46FE7CB720FED45F00FFE0DF /* Products */ = {
			isa = PBXGroup;
			children = (
				46FE7CB620FED45F00FFE0DF /* bonmot-sample.app */,
				46FE7CCA20FED46200FFE0DF /* bonmot-sampleTests.xctest */,
			);
			name = Products;
			sourceTree = "<group>";
		};
		46FE7CB820FED45F00FFE0DF /* bonmot-sample */ = {
			isa = PBXGroup;
			children = (
				46FE7CB920FED45F00FFE0DF /* AppDelegate.swift */,
				46FE7CBB20FED45F00FFE0DF /* ViewController.swift */,
				46FE7CBD20FED45F00FFE0DF /* Main.storyboard */,
				46FE7CC020FED46100FFE0DF /* Assets.xcassets */,
				46FE7CC220FED46100FFE0DF /* LaunchScreen.storyboard */,
				46FE7CC520FED46100FFE0DF /* Info.plist */,
			);
			path = "bonmot-sample";
			sourceTree = "<group>";
		};
		46FE7CCD20FED46200FFE0DF /* bonmot-sampleTests */ = {
			isa = PBXGroup;
			children = (
				46FE7CCE20FED46200FFE0DF /* bonmot_sampleTests.swift */,
				46FE7CD020FED46200FFE0DF /* Info.plist */,
			);
			path = "bonmot-sampleTests";
			sourceTree = "<group>";
		};
		53AD566F3252E6EB74534718 /* Frameworks */ = {
			isa = PBXGroup;
			children = (
				55D3A177DF010DE5B80D8458 /* Pods_bonmot_sample.framework */,
				D1026F9F99979D6FE5C3729E /* Pods_bonmot_sampleTests.framework */,
			);
			name = Frameworks;
			sourceTree = "<group>";
		};
/* End PBXGroup section */

/* Begin PBXNativeTarget section */
		46FE7CB520FED45F00FFE0DF /* bonmot-sample */ = {
			isa = PBXNativeTarget;
			buildConfigurationList = 46FE7CD320FED46200FFE0DF /* Build configuration list for PBXNativeTarget "bonmot-sample" */;
			buildPhases = (
				BCBCF77AF8269CEB765318D2 /* [CP] Check Pods Manifest.lock */,
				46FE7CB220FED45F00FFE0DF /* Sources */,
				46FE7CB320FED45F00FFE0DF /* Frameworks */,
				46FE7CB420FED45F00FFE0DF /* Resources */,
				EB03B58724C9570C69632E17 /* [CP] Embed Pods Frameworks */,
			);
			buildRules = (
			);
			dependencies = (
			);
			name = "bonmot-sample";
			productName = "bonmot-sample";
			productReference = 46FE7CB620FED45F00FFE0DF /* bonmot-sample.app */;
			productType = "com.apple.product-type.application";
		};
		46FE7CC920FED46200FFE0DF /* bonmot-sampleTests */ = {
			isa = PBXNativeTarget;
			buildConfigurationList = 46FE7CD620FED46200FFE0DF /* Build configuration list for PBXNativeTarget "bonmot-sampleTests" */;
			buildPhases = (
				D7B508AF22DBA0675DFFFC9F /* [CP] Check Pods Manifest.lock */,
				46FE7CC620FED46200FFE0DF /* Sources */,
				46FE7CC720FED46200FFE0DF /* Frameworks */,
				46FE7CC820FED46200FFE0DF /* Resources */,
			);
			buildRules = (
			);
			dependencies = (
				46FE7CCC20FED46200FFE0DF /* PBXTargetDependency */,
			);
			name = "bonmot-sampleTests";
			productName = "bonmot-sampleTests";
			productReference = 46FE7CCA20FED46200FFE0DF /* bonmot-sampleTests.xctest */;
			productType = "com.apple.product-type.bundle.unit-test";
		};
/* End PBXNativeTarget section */

/* Begin PBXProject section */
		46FE7CAE20FED45F00FFE0DF /* Project object */ = {
			isa = PBXProject;
			attributes = {
				LastSwiftUpdateCheck = 0930;
				LastUpgradeCheck = 0930;
				ORGANIZATIONNAME = takayuki.hara;
				TargetAttributes = {
					46FE7CB520FED45F00FFE0DF = {
						CreatedOnToolsVersion = 9.3;
					};
					46FE7CC920FED46200FFE0DF = {
						CreatedOnToolsVersion = 9.3;
						TestTargetID = 46FE7CB520FED45F00FFE0DF;
					};
				};
			};
			buildConfigurationList = 46FE7CB120FED45F00FFE0DF /* Build configuration list for PBXProject "bonmot-sample" */;
			compatibilityVersion = "Xcode 9.3";
			developmentRegion = en;
			hasScannedForEncodings = 0;
			knownRegions = (
				en,
				Base,
			);
			mainGroup = 46FE7CAD20FED45F00FFE0DF;
			productRefGroup = 46FE7CB720FED45F00FFE0DF /* Products */;
			projectDirPath = "";
			projectRoot = "";
			targets = (
				46FE7CB520FED45F00FFE0DF /* bonmot-sample */,
				46FE7CC920FED46200FFE0DF /* bonmot-sampleTests */,
			);
		};
/* End PBXProject section */

/* Begin PBXResourcesBuildPhase section */
		46FE7CB420FED45F00FFE0DF /* Resources */ = {
			isa = PBXResourcesBuildPhase;
			buildActionMask = 2147483647;
			files = (
				46FE7CC420FED46100FFE0DF /* LaunchScreen.storyboard in Resources */,
				46FE7CC120FED46100FFE0DF /* Assets.xcassets in Resources */,
				46FE7CBF20FED45F00FFE0DF /* Main.storyboard in Resources */,
			);
			runOnlyForDeploymentPostprocessing = 0;
		};
		46FE7CC820FED46200FFE0DF /* Resources */ = {
			isa = PBXResourcesBuildPhase;
			buildActionMask = 2147483647;
			files = (
			);
			runOnlyForDeploymentPostprocessing = 0;
		};
/* End PBXResourcesBuildPhase section */

/* Begin PBXShellScriptBuildPhase section */
		BCBCF77AF8269CEB765318D2 /* [CP] Check Pods Manifest.lock */ = {
			isa = PBXShellScriptBuildPhase;
			buildActionMask = 2147483647;
			files = (
			);
			inputPaths = (
				"${PODS_PODFILE_DIR_PATH}/Podfile.lock",
				"${PODS_ROOT}/Manifest.lock",
			);
			name = "[CP] Check Pods Manifest.lock";
			outputPaths = (
				"$(DERIVED_FILE_DIR)/Pods-bonmot-sample-checkManifestLockResult.txt",
			);
			runOnlyForDeploymentPostprocessing = 0;
			shellPath = /bin/sh;
			shellScript = "diff \"${PODS_PODFILE_DIR_PATH}/Podfile.lock\" \"${PODS_ROOT}/Manifest.lock\" > /dev/null\nif [ $? != 0 ] ; then\n    # print error to STDERR\n    echo \"error: The sandbox is not in sync with the Podfile.lock. Run 'pod install' or update your CocoaPods installation.\" >&2\n    exit 1\nfi\n# This output is used by Xcode 'outputs' to avoid re-running this script phase.\necho \"SUCCESS\" > \"${SCRIPT_OUTPUT_FILE_0}\"\n";
			showEnvVarsInLog = 0;
		};
		D7B508AF22DBA0675DFFFC9F /* [CP] Check Pods Manifest.lock */ = {
			isa = PBXShellScriptBuildPhase;
			buildActionMask = 2147483647;
			files = (
			);
			inputPaths = (
				"${PODS_PODFILE_DIR_PATH}/Podfile.lock",
				"${PODS_ROOT}/Manifest.lock",
			);
			name = "[CP] Check Pods Manifest.lock";
			outputPaths = (
				"$(DERIVED_FILE_DIR)/Pods-bonmot-sampleTests-checkManifestLockResult.txt",
			);
			runOnlyForDeploymentPostprocessing = 0;
			shellPath = /bin/sh;
			shellScript = "diff \"${PODS_PODFILE_DIR_PATH}/Podfile.lock\" \"${PODS_ROOT}/Manifest.lock\" > /dev/null\nif [ $? != 0 ] ; then\n    # print error to STDERR\n    echo \"error: The sandbox is not in sync with the Podfile.lock. Run 'pod install' or update your CocoaPods installation.\" >&2\n    exit 1\nfi\n# This output is used by Xcode 'outputs' to avoid re-running this script phase.\necho \"SUCCESS\" > \"${SCRIPT_OUTPUT_FILE_0}\"\n";
			showEnvVarsInLog = 0;
		};
		EB03B58724C9570C69632E17 /* [CP] Embed Pods Frameworks */ = {
			isa = PBXShellScriptBuildPhase;
			buildActionMask = 2147483647;
			files = (
			);
			inputPaths = (
				"${SRCROOT}/Pods/Target Support Files/Pods-bonmot-sample/Pods-bonmot-sample-frameworks.sh",
				"${BUILT_PRODUCTS_DIR}/BonMot/BonMot.framework",
			);
			name = "[CP] Embed Pods Frameworks";
			outputPaths = (
				"${TARGET_BUILD_DIR}/${FRAMEWORKS_FOLDER_PATH}/BonMot.framework",
			);
			runOnlyForDeploymentPostprocessing = 0;
			shellPath = /bin/sh;
			shellScript = "\"${SRCROOT}/Pods/Target Support Files/Pods-bonmot-sample/Pods-bonmot-sample-frameworks.sh\"\n";
			showEnvVarsInLog = 0;
		};
/* End PBXShellScriptBuildPhase section */

/* Begin PBXSourcesBuildPhase section */
		46FE7CB220FED45F00FFE0DF /* Sources */ = {
			isa = PBXSourcesBuildPhase;
			buildActionMask = 2147483647;
			files = (
				46FE7CBC20FED45F00FFE0DF /* ViewController.swift in Sources */,
				46FE7CBA20FED45F00FFE0DF /* AppDelegate.swift in Sources */,
			);
			runOnlyForDeploymentPostprocessing = 0;
		};
		46FE7CC620FED46200FFE0DF /* Sources */ = {
			isa = PBXSourcesBuildPhase;
			buildActionMask = 2147483647;
			files = (
				46FE7CCF20FED46200FFE0DF /* bonmot_sampleTests.swift in Sources */,
			);
			runOnlyForDeploymentPostprocessing = 0;
		};
/* End PBXSourcesBuildPhase section */

/* Begin PBXTargetDependency section */
		46FE7CCC20FED46200FFE0DF /* PBXTargetDependency */ = {
			isa = PBXTargetDependency;
			target = 46FE7CB520FED45F00FFE0DF /* bonmot-sample */;
			targetProxy = 46FE7CCB20FED46200FFE0DF /* PBXContainerItemProxy */;
		};
/* End PBXTargetDependency section */

/* Begin PBXVariantGroup section */
		46FE7CBD20FED45F00FFE0DF /* Main.storyboard */ = {
			isa = PBXVariantGroup;
			children = (
				46FE7CBE20FED45F00FFE0DF /* Base */,
			);
			name = Main.storyboard;
			sourceTree = "<group>";
		};
		46FE7CC220FED46100FFE0DF /* LaunchScreen.storyboard */ = {
			isa = PBXVariantGroup;
			children = (
				46FE7CC320FED46100FFE0DF /* Base */,
			);
			name = LaunchScreen.storyboard;
			sourceTree = "<group>";
		};
/* End PBXVariantGroup section */

/* Begin XCBuildConfiguration section */
		46FE7CD120FED46200FFE0DF /* Debug */ = {
			isa = XCBuildConfiguration;
			buildSettings = {
				ALWAYS_SEARCH_USER_PATHS = NO;
				CLANG_ANALYZER_NONNULL = YES;
				CLANG_ANALYZER_NUMBER_OBJECT_CONVERSION = YES_AGGRESSIVE;
				CLANG_CXX_LANGUAGE_STANDARD = "gnu++14";
				CLANG_CXX_LIBRARY = "libc++";
				CLANG_ENABLE_MODULES = YES;
				CLANG_ENABLE_OBJC_ARC = YES;
				CLANG_ENABLE_OBJC_WEAK = YES;
				CLANG_WARN_BLOCK_CAPTURE_AUTORELEASING = YES;
				CLANG_WARN_BOOL_CONVERSION = YES;
				CLANG_WARN_COMMA = YES;
				CLANG_WARN_CONSTANT_CONVERSION = YES;
				CLANG_WARN_DEPRECATED_OBJC_IMPLEMENTATIONS = YES;
				CLANG_WARN_DIRECT_OBJC_ISA_USAGE = YES_ERROR;
				CLANG_WARN_DOCUMENTATION_COMMENTS = YES;
				CLANG_WARN_EMPTY_BODY = YES;
				CLANG_WARN_ENUM_CONVERSION = YES;
				CLANG_WARN_INFINITE_RECURSION = YES;
				CLANG_WARN_INT_CONVERSION = YES;
				CLANG_WARN_NON_LITERAL_NULL_CONVERSION = YES;
				CLANG_WARN_OBJC_IMPLICIT_RETAIN_SELF = YES;
				CLANG_WARN_OBJC_LITERAL_CONVERSION = YES;
				CLANG_WARN_OBJC_ROOT_CLASS = YES_ERROR;
				CLANG_WARN_RANGE_LOOP_ANALYSIS = YES;
				CLANG_WARN_STRICT_PROTOTYPES = YES;
				CLANG_WARN_SUSPICIOUS_MOVE = YES;
				CLANG_WARN_UNGUARDED_AVAILABILITY = YES_AGGRESSIVE;
				CLANG_WARN_UNREACHABLE_CODE = YES;
				CLANG_WARN__DUPLICATE_METHOD_MATCH = YES;
				CODE_SIGN_IDENTITY = "iPhone Developer";
				COPY_PHASE_STRIP = NO;
				DEBUG_INFORMATION_FORMAT = dwarf;
				ENABLE_STRICT_OBJC_MSGSEND = YES;
				ENABLE_TESTABILITY = YES;
				GCC_C_LANGUAGE_STANDARD = gnu11;
				GCC_DYNAMIC_NO_PIC = NO;
				GCC_NO_COMMON_BLOCKS = YES;
				GCC_OPTIMIZATION_LEVEL = 0;
				GCC_PREPROCESSOR_DEFINITIONS = (
					"DEBUG=1",
					"$(inherited)",
				);
				GCC_WARN_64_TO_32_BIT_CONVERSION = YES;
				GCC_WARN_ABOUT_RETURN_TYPE = YES_ERROR;
				GCC_WARN_UNDECLARED_SELECTOR = YES;
				GCC_WARN_UNINITIALIZED_AUTOS = YES_AGGRESSIVE;
				GCC_WARN_UNUSED_FUNCTION = YES;
				GCC_WARN_UNUSED_VARIABLE = YES;
				IPHONEOS_DEPLOYMENT_TARGET = 11.3;
				MTL_ENABLE_DEBUG_INFO = YES;
				ONLY_ACTIVE_ARCH = YES;
				SDKROOT = iphoneos;
				SWIFT_ACTIVE_COMPILATION_CONDITIONS = DEBUG;
				SWIFT_OPTIMIZATION_LEVEL = "-Onone";
			};
			name = Debug;
		};
		46FE7CD220FED46200FFE0DF /* Release */ = {
			isa = XCBuildConfiguration;
			buildSettings = {
				ALWAYS_SEARCH_USER_PATHS = NO;
				CLANG_ANALYZER_NONNULL = YES;
				CLANG_ANALYZER_NUMBER_OBJECT_CONVERSION = YES_AGGRESSIVE;
				CLANG_CXX_LANGUAGE_STANDARD = "gnu++14";
				CLANG_CXX_LIBRARY = "libc++";
				CLANG_ENABLE_MODULES = YES;
				CLANG_ENABLE_OBJC_ARC = YES;
				CLANG_ENABLE_OBJC_WEAK = YES;
				CLANG_WARN_BLOCK_CAPTURE_AUTORELEASING = YES;
				CLANG_WARN_BOOL_CONVERSION = YES;
				CLANG_WARN_COMMA = YES;
				CLANG_WARN_CONSTANT_CONVERSION = YES;
				CLANG_WARN_DEPRECATED_OBJC_IMPLEMENTATIONS = YES;
				CLANG_WARN_DIRECT_OBJC_ISA_USAGE = YES_ERROR;
				CLANG_WARN_DOCUMENTATION_COMMENTS = YES;
				CLANG_WARN_EMPTY_BODY = YES;
				CLANG_WARN_ENUM_CONVERSION = YES;
				CLANG_WARN_INFINITE_RECURSION = YES;
				CLANG_WARN_INT_CONVERSION = YES;
				CLANG_WARN_NON_LITERAL_NULL_CONVERSION = YES;
				CLANG_WARN_OBJC_IMPLICIT_RETAIN_SELF = YES;
				CLANG_WARN_OBJC_LITERAL_CONVERSION = YES;
				CLANG_WARN_OBJC_ROOT_CLASS = YES_ERROR;
				CLANG_WARN_RANGE_LOOP_ANALYSIS = YES;
				CLANG_WARN_STRICT_PROTOTYPES = YES;
				CLANG_WARN_SUSPICIOUS_MOVE = YES;
				CLANG_WARN_UNGUARDED_AVAILABILITY = YES_AGGRESSIVE;
				CLANG_WARN_UNREACHABLE_CODE = YES;
				CLANG_WARN__DUPLICATE_METHOD_MATCH = YES;
				CODE_SIGN_IDENTITY = "iPhone Developer";
				COPY_PHASE_STRIP = NO;
				DEBUG_INFORMATION_FORMAT = "dwarf-with-dsym";
				ENABLE_NS_ASSERTIONS = NO;
				ENABLE_STRICT_OBJC_MSGSEND = YES;
				GCC_C_LANGUAGE_STANDARD = gnu11;
				GCC_NO_COMMON_BLOCKS = YES;
				GCC_WARN_64_TO_32_BIT_CONVERSION = YES;
				GCC_WARN_ABOUT_RETURN_TYPE = YES_ERROR;
				GCC_WARN_UNDECLARED_SELECTOR = YES;
				GCC_WARN_UNINITIALIZED_AUTOS = YES_AGGRESSIVE;
				GCC_WARN_UNUSED_FUNCTION = YES;
				GCC_WARN_UNUSED_VARIABLE = YES;
				IPHONEOS_DEPLOYMENT_TARGET = 11.3;
				MTL_ENABLE_DEBUG_INFO = NO;
				SDKROOT = iphoneos;
				SWIFT_COMPILATION_MODE = wholemodule;
				SWIFT_OPTIMIZATION_LEVEL = "-O";
				VALIDATE_PRODUCT = YES;
			};
			name = Release;
		};
		46FE7CD420FED46200FFE0DF /* Debug */ = {
			isa = XCBuildConfiguration;
			baseConfigurationReference = 8FC735F03311CA6D4E769235 /* Pods-bonmot-sample.debug.xcconfig */;
			buildSettings = {
				ASSETCATALOG_COMPILER_APPICON_NAME = AppIcon;
				CODE_SIGN_STYLE = Automatic;
				INFOPLIST_FILE = "bonmot-sample/Info.plist";
				LD_RUNPATH_SEARCH_PATHS = (
					"$(inherited)",
					"@executable_path/Frameworks",
				);
				PRODUCT_BUNDLE_IDENTIFIER = "jp.ne.takayuki.hara.bonmot-sample";
				PRODUCT_NAME = "$(TARGET_NAME)";
				SWIFT_VERSION = 4.0;
				TARGETED_DEVICE_FAMILY = "1,2";
			};
			name = Debug;
		};
		46FE7CD520FED46200FFE0DF /* Release */ = {
			isa = XCBuildConfiguration;
			baseConfigurationReference = C4332F1F4FE0E3143F2ABC9C /* Pods-bonmot-sample.release.xcconfig */;
			buildSettings = {
				ASSETCATALOG_COMPILER_APPICON_NAME = AppIcon;
				CODE_SIGN_STYLE = Automatic;
				INFOPLIST_FILE = "bonmot-sample/Info.plist";
				LD_RUNPATH_SEARCH_PATHS = (
					"$(inherited)",
					"@executable_path/Frameworks",
				);
				PRODUCT_BUNDLE_IDENTIFIER = "jp.ne.takayuki.hara.bonmot-sample";
				PRODUCT_NAME = "$(TARGET_NAME)";
				SWIFT_VERSION = 4.0;
				TARGETED_DEVICE_FAMILY = "1,2";
			};
			name = Release;
		};
		46FE7CD720FED46200FFE0DF /* Debug */ = {
			isa = XCBuildConfiguration;
			baseConfigurationReference = A4C7FE0689F8E78E13A0E353 /* Pods-bonmot-sampleTests.debug.xcconfig */;
			buildSettings = {
				ALWAYS_EMBED_SWIFT_STANDARD_LIBRARIES = YES;
				BUNDLE_LOADER = "$(TEST_HOST)";
				CODE_SIGN_STYLE = Automatic;
				INFOPLIST_FILE = "bonmot-sampleTests/Info.plist";
				LD_RUNPATH_SEARCH_PATHS = (
					"$(inherited)",
					"@executable_path/Frameworks",
					"@loader_path/Frameworks",
				);
				PRODUCT_BUNDLE_IDENTIFIER = "jp.ne.takayuki.hara.bonmot-sampleTests";
				PRODUCT_NAME = "$(TARGET_NAME)";
				SWIFT_VERSION = 4.0;
				TARGETED_DEVICE_FAMILY = "1,2";
				TEST_HOST = "$(BUILT_PRODUCTS_DIR)/bonmot-sample.app/bonmot-sample";
			};
			name = Debug;
		};
		46FE7CD820FED46200FFE0DF /* Release */ = {
			isa = XCBuildConfiguration;
			baseConfigurationReference = 54A3F6A2619D47E7AF698986 /* Pods-bonmot-sampleTests.release.xcconfig */;
			buildSettings = {
				ALWAYS_EMBED_SWIFT_STANDARD_LIBRARIES = YES;
				BUNDLE_LOADER = "$(TEST_HOST)";
				CODE_SIGN_STYLE = Automatic;
				INFOPLIST_FILE = "bonmot-sampleTests/Info.plist";
				LD_RUNPATH_SEARCH_PATHS = (
					"$(inherited)",
					"@executable_path/Frameworks",
					"@loader_path/Frameworks",
				);
				PRODUCT_BUNDLE_IDENTIFIER = "jp.ne.takayuki.hara.bonmot-sampleTests";
				PRODUCT_NAME = "$(TARGET_NAME)";
				SWIFT_VERSION = 4.0;
				TARGETED_DEVICE_FAMILY = "1,2";
				TEST_HOST = "$(BUILT_PRODUCTS_DIR)/bonmot-sample.app/bonmot-sample";
			};
			name = Release;
		};
/* End XCBuildConfiguration section */

/* Begin XCConfigurationList section */
		46FE7CB120FED45F00FFE0DF /* Build configuration list for PBXProject "bonmot-sample" */ = {
			isa = XCConfigurationList;
			buildConfigurations = (
				46FE7CD120FED46200FFE0DF /* Debug */,
				46FE7CD220FED46200FFE0DF /* Release */,
			);
			defaultConfigurationIsVisible = 0;
			defaultConfigurationName = Release;
		};
		46FE7CD320FED46200FFE0DF /* Build configuration list for PBXNativeTarget "bonmot-sample" */ = {
			isa = XCConfigurationList;
			buildConfigurations = (
				46FE7CD420FED46200FFE0DF /* Debug */,
				46FE7CD520FED46200FFE0DF /* Release */,
			);
			defaultConfigurationIsVisible = 0;
			defaultConfigurationName = Release;
		};
		46FE7CD620FED46200FFE0DF /* Build configuration list for PBXNativeTarget "bonmot-sampleTests" */ = {
			isa = XCConfigurationList;
			buildConfigurations = (
				46FE7CD720FED46200FFE0DF /* Debug */,
				46FE7CD820FED46200FFE0DF /* Release */,
			);
			defaultConfigurationIsVisible = 0;
			defaultConfigurationName = Release;
		};
/* End XCConfigurationList section */
	};
	rootObject = 46FE7CAE20FED45F00FFE0DF /* Project object */;
}
