// !$*UTF8*$!
{
	archiveVersion = 1;
	classes = {
	};
	objectVersion = 50;
	objects = {

/* Begin PBXBuildFile section */
		46DAFD0420F5DC6400993F2E /* AppDelegate.swift in Sources */ = {isa = PBXBuildFile; fileRef = 46DAFD0320F5DC6400993F2E /* AppDelegate.swift */; };
		46DAFD0620F5DC6400993F2E /* BasicUIScrollViewController.swift in Sources */ = {isa = PBXBuildFile; fileRef = 46DAFD0520F5DC6400993F2E /* BasicUIScrollViewController.swift */; };
		46DAFD0B20F5DC6700993F2E /* Assets.xcassets in Resources */ = {isa = PBXBuildFile; fileRef = 46DAFD0A20F5DC6700993F2E /* Assets.xcassets */; };
		46DAFD0E20F5DC6700993F2E /* LaunchScreen.storyboard in Resources */ = {isa = PBXBuildFile; fileRef = 46DAFD0C20F5DC6700993F2E /* LaunchScreen.storyboard */; };
		46DAFD1920F5DC6800993F2E /* snapkit_sampleTests.swift in Sources */ = {isa = PBXBuildFile; fileRef = 46DAFD1820F5DC6800993F2E /* snapkit_sampleTests.swift */; };
		46DAFD2420F5DFC900993F2E /* ListViewController.swift in Sources */ = {isa = PBXBuildFile; fileRef = 46DAFD2320F5DFC900993F2E /* ListViewController.swift */; };
		46DAFD2620F5E2E000993F2E /* SimpleLayoutViewController.swift in Sources */ = {isa = PBXBuildFile; fileRef = 46DAFD2520F5E2E000993F2E /* SimpleLayoutViewController.swift */; };
		8BEDB382600A00D18ACB8F53 /* Pods_snapkit_sampleTests.framework in Frameworks */ = {isa = PBXBuildFile; fileRef = 9F0D9F81054AD059A03887EF /* Pods_snapkit_sampleTests.framework */; };
		D5F568F2F09E0BEAF9AC305A /* Pods_snapkit_sample.framework in Frameworks */ = {isa = PBXBuildFile; fileRef = DA2D897030C14F85968A6C3C /* Pods_snapkit_sample.framework */; };
/* End PBXBuildFile section */

/* Begin PBXContainerItemProxy section */
		46DAFD1520F5DC6800993F2E /* PBXContainerItemProxy */ = {
			isa = PBXContainerItemProxy;
			containerPortal = 46DAFCF820F5DC6400993F2E /* Project object */;
			proxyType = 1;
			remoteGlobalIDString = 46DAFCFF20F5DC6400993F2E;
			remoteInfo = "snapkit-sample";
		};
/* End PBXContainerItemProxy section */

/* Begin PBXFileReference section */
		310D4BEF36F99A1AFF8EBCC7 /* Pods-snapkit-sampleTests.release.xcconfig */ = {isa = PBXFileReference; includeInIndex = 1; lastKnownFileType = text.xcconfig; name = "Pods-snapkit-sampleTests.release.xcconfig"; path = "Pods/Target Support Files/Pods-snapkit-sampleTests/Pods-snapkit-sampleTests.release.xcconfig"; sourceTree = "<group>"; };
		46DAFD0020F5DC6400993F2E /* snapkit-sample.app */ = {isa = PBXFileReference; explicitFileType = wrapper.application; includeInIndex = 0; path = "snapkit-sample.app"; sourceTree = BUILT_PRODUCTS_DIR; };
		46DAFD0320F5DC6400993F2E /* AppDelegate.swift */ = {isa = PBXFileReference; lastKnownFileType = sourcecode.swift; path = AppDelegate.swift; sourceTree = "<group>"; };
		46DAFD0520F5DC6400993F2E /* BasicUIScrollViewController.swift */ = {isa = PBXFileReference; lastKnownFileType = sourcecode.swift; path = BasicUIScrollViewController.swift; sourceTree = "<group>"; };
		46DAFD0A20F5DC6700993F2E /* Assets.xcassets */ = {isa = PBXFileReference; lastKnownFileType = folder.assetcatalog; path = Assets.xcassets; sourceTree = "<group>"; };
		46DAFD0D20F5DC6700993F2E /* Base */ = {isa = PBXFileReference; lastKnownFileType = file.storyboard; name = Base; path = Base.lproj/LaunchScreen.storyboard; sourceTree = "<group>"; };
		46DAFD0F20F5DC6700993F2E /* Info.plist */ = {isa = PBXFileReference; lastKnownFileType = text.plist.xml; path = Info.plist; sourceTree = "<group>"; };
		46DAFD1420F5DC6700993F2E /* snapkit-sampleTests.xctest */ = {isa = PBXFileReference; explicitFileType = wrapper.cfbundle; includeInIndex = 0; path = "snapkit-sampleTests.xctest"; sourceTree = BUILT_PRODUCTS_DIR; };
		46DAFD1820F5DC6800993F2E /* snapkit_sampleTests.swift */ = {isa = PBXFileReference; lastKnownFileType = sourcecode.swift; path = snapkit_sampleTests.swift; sourceTree = "<group>"; };
		46DAFD1A20F5DC6800993F2E /* Info.plist */ = {isa = PBXFileReference; lastKnownFileType = text.plist.xml; path = Info.plist; sourceTree = "<group>"; };
		46DAFD2320F5DFC900993F2E /* ListViewController.swift */ = {isa = PBXFileReference; lastKnownFileType = sourcecode.swift; path = ListViewController.swift; sourceTree = "<group>"; };
		46DAFD2520F5E2E000993F2E /* SimpleLayoutViewController.swift */ = {isa = PBXFileReference; lastKnownFileType = sourcecode.swift; path = SimpleLayoutViewController.swift; sourceTree = "<group>"; };
		5FF74B9D96482F4E1D75DEF9 /* Pods-snapkit-sample.release.xcconfig */ = {isa = PBXFileReference; includeInIndex = 1; lastKnownFileType = text.xcconfig; name = "Pods-snapkit-sample.release.xcconfig"; path = "Pods/Target Support Files/Pods-snapkit-sample/Pods-snapkit-sample.release.xcconfig"; sourceTree = "<group>"; };
		60A69CAC1DFE00DA736B0711 /* Pods-snapkit-sample.debug.xcconfig */ = {isa = PBXFileReference; includeInIndex = 1; lastKnownFileType = text.xcconfig; name = "Pods-snapkit-sample.debug.xcconfig"; path = "Pods/Target Support Files/Pods-snapkit-sample/Pods-snapkit-sample.debug.xcconfig"; sourceTree = "<group>"; };
		8BA4A955FBC13A1C90D7CEF7 /* Pods-snapkit-sampleTests.debug.xcconfig */ = {isa = PBXFileReference; includeInIndex = 1; lastKnownFileType = text.xcconfig; name = "Pods-snapkit-sampleTests.debug.xcconfig"; path = "Pods/Target Support Files/Pods-snapkit-sampleTests/Pods-snapkit-sampleTests.debug.xcconfig"; sourceTree = "<group>"; };
		9F0D9F81054AD059A03887EF /* Pods_snapkit_sampleTests.framework */ = {isa = PBXFileReference; explicitFileType = wrapper.framework; includeInIndex = 0; path = Pods_snapkit_sampleTests.framework; sourceTree = BUILT_PRODUCTS_DIR; };
		DA2D897030C14F85968A6C3C /* Pods_snapkit_sample.framework */ = {isa = PBXFileReference; explicitFileType = wrapper.framework; includeInIndex = 0; path = Pods_snapkit_sample.framework; sourceTree = BUILT_PRODUCTS_DIR; };
/* End PBXFileReference section */

/* Begin PBXFrameworksBuildPhase section */
		46DAFCFD20F5DC6400993F2E /* Frameworks */ = {
			isa = PBXFrameworksBuildPhase;
			buildActionMask = 2147483647;
			files = (
				D5F568F2F09E0BEAF9AC305A /* Pods_snapkit_sample.framework in Frameworks */,
			);
			runOnlyForDeploymentPostprocessing = 0;
		};
		46DAFD1120F5DC6700993F2E /* Frameworks */ = {
			isa = PBXFrameworksBuildPhase;
			buildActionMask = 2147483647;
			files = (
				8BEDB382600A00D18ACB8F53 /* Pods_snapkit_sampleTests.framework in Frameworks */,
			);
			runOnlyForDeploymentPostprocessing = 0;
		};
/* End PBXFrameworksBuildPhase section */

/* Begin PBXGroup section */
		46DAFCF720F5DC6400993F2E = {
			isa = PBXGroup;
			children = (
				46DAFD0220F5DC6400993F2E /* snapkit-sample */,
				46DAFD1720F5DC6800993F2E /* snapkit-sampleTests */,
				46DAFD0120F5DC6400993F2E /* Products */,
				53A282F1D65254F8BF38C8CE /* Pods */,
				E98FDCC43439DDE7A8075E4D /* Frameworks */,
			);
			sourceTree = "<group>";
		};
		46DAFD0120F5DC6400993F2E /* Products */ = {
			isa = PBXGroup;
			children = (
				46DAFD0020F5DC6400993F2E /* snapkit-sample.app */,
				46DAFD1420F5DC6700993F2E /* snapkit-sampleTests.xctest */,
			);
			name = Products;
			sourceTree = "<group>";
		};
		46DAFD0220F5DC6400993F2E /* snapkit-sample */ = {
			isa = PBXGroup;
			children = (
				46DAFD0320F5DC6400993F2E /* AppDelegate.swift */,
				46DAFD2320F5DFC900993F2E /* ListViewController.swift */,
				46DAFD0520F5DC6400993F2E /* BasicUIScrollViewController.swift */,
				46DAFD2520F5E2E000993F2E /* SimpleLayoutViewController.swift */,
				46DAFD0A20F5DC6700993F2E /* Assets.xcassets */,
				46DAFD0C20F5DC6700993F2E /* LaunchScreen.storyboard */,
				46DAFD0F20F5DC6700993F2E /* Info.plist */,
			);
			path = "snapkit-sample";
			sourceTree = "<group>";
		};
		46DAFD1720F5DC6800993F2E /* snapkit-sampleTests */ = {
			isa = PBXGroup;
			children = (
				46DAFD1820F5DC6800993F2E /* snapkit_sampleTests.swift */,
				46DAFD1A20F5DC6800993F2E /* Info.plist */,
			);
			path = "snapkit-sampleTests";
			sourceTree = "<group>";
		};
		53A282F1D65254F8BF38C8CE /* Pods */ = {
			isa = PBXGroup;
			children = (
				60A69CAC1DFE00DA736B0711 /* Pods-snapkit-sample.debug.xcconfig */,
				5FF74B9D96482F4E1D75DEF9 /* Pods-snapkit-sample.release.xcconfig */,
				8BA4A955FBC13A1C90D7CEF7 /* Pods-snapkit-sampleTests.debug.xcconfig */,
				310D4BEF36F99A1AFF8EBCC7 /* Pods-snapkit-sampleTests.release.xcconfig */,
			);
			name = Pods;
			sourceTree = "<group>";
		};
		E98FDCC43439DDE7A8075E4D /* Frameworks */ = {
			isa = PBXGroup;
			children = (
				DA2D897030C14F85968A6C3C /* Pods_snapkit_sample.framework */,
				9F0D9F81054AD059A03887EF /* Pods_snapkit_sampleTests.framework */,
			);
			name = Frameworks;
			sourceTree = "<group>";
		};
/* End PBXGroup section */

/* Begin PBXNativeTarget section */
		46DAFCFF20F5DC6400993F2E /* snapkit-sample */ = {
			isa = PBXNativeTarget;
			buildConfigurationList = 46DAFD1D20F5DC6800993F2E /* Build configuration list for PBXNativeTarget "snapkit-sample" */;
			buildPhases = (
				E83EB5A574A9329632FB8EA9 /* [CP] Check Pods Manifest.lock */,
				46DAFCFC20F5DC6400993F2E /* Sources */,
				46DAFCFD20F5DC6400993F2E /* Frameworks */,
				46DAFCFE20F5DC6400993F2E /* Resources */,
				F5FAD70080ACB565ECC7DE57 /* [CP] Embed Pods Frameworks */,
			);
			buildRules = (
			);
			dependencies = (
			);
			name = "snapkit-sample";
			productName = "snapkit-sample";
			productReference = 46DAFD0020F5DC6400993F2E /* snapkit-sample.app */;
			productType = "com.apple.product-type.application";
		};
		46DAFD1320F5DC6700993F2E /* snapkit-sampleTests */ = {
			isa = PBXNativeTarget;
			buildConfigurationList = 46DAFD2020F5DC6800993F2E /* Build configuration list for PBXNativeTarget "snapkit-sampleTests" */;
			buildPhases = (
				7B7A9CDE2F5AC6285F180390 /* [CP] Check Pods Manifest.lock */,
				46DAFD1020F5DC6700993F2E /* Sources */,
				46DAFD1120F5DC6700993F2E /* Frameworks */,
				46DAFD1220F5DC6700993F2E /* Resources */,
			);
			buildRules = (
			);
			dependencies = (
				46DAFD1620F5DC6800993F2E /* PBXTargetDependency */,
			);
			name = "snapkit-sampleTests";
			productName = "snapkit-sampleTests";
			productReference = 46DAFD1420F5DC6700993F2E /* snapkit-sampleTests.xctest */;
			productType = "com.apple.product-type.bundle.unit-test";
		};
/* End PBXNativeTarget section */

/* Begin PBXProject section */
		46DAFCF820F5DC6400993F2E /* Project object */ = {
			isa = PBXProject;
			attributes = {
				LastSwiftUpdateCheck = 0930;
				LastUpgradeCheck = 0930;
				ORGANIZATIONNAME = takayuki.hara;
				TargetAttributes = {
					46DAFCFF20F5DC6400993F2E = {
						CreatedOnToolsVersion = 9.3;
					};
					46DAFD1320F5DC6700993F2E = {
						CreatedOnToolsVersion = 9.3;
						TestTargetID = 46DAFCFF20F5DC6400993F2E;
					};
				};
			};
			buildConfigurationList = 46DAFCFB20F5DC6400993F2E /* Build configuration list for PBXProject "snapkit-sample" */;
			compatibilityVersion = "Xcode 9.3";
			developmentRegion = en;
			hasScannedForEncodings = 0;
			knownRegions = (
				en,
				Base,
			);
			mainGroup = 46DAFCF720F5DC6400993F2E;
			productRefGroup = 46DAFD0120F5DC6400993F2E /* Products */;
			projectDirPath = "";
			projectRoot = "";
			targets = (
				46DAFCFF20F5DC6400993F2E /* snapkit-sample */,
				46DAFD1320F5DC6700993F2E /* snapkit-sampleTests */,
			);
		};
/* End PBXProject section */

/* Begin PBXResourcesBuildPhase section */
		46DAFCFE20F5DC6400993F2E /* Resources */ = {
			isa = PBXResourcesBuildPhase;
			buildActionMask = 2147483647;
			files = (
				46DAFD0E20F5DC6700993F2E /* LaunchScreen.storyboard in Resources */,
				46DAFD0B20F5DC6700993F2E /* Assets.xcassets in Resources */,
			);
			runOnlyForDeploymentPostprocessing = 0;
		};
		46DAFD1220F5DC6700993F2E /* Resources */ = {
			isa = PBXResourcesBuildPhase;
			buildActionMask = 2147483647;
			files = (
			);
			runOnlyForDeploymentPostprocessing = 0;
		};
/* End PBXResourcesBuildPhase section */

/* Begin PBXShellScriptBuildPhase section */
		7B7A9CDE2F5AC6285F180390 /* [CP] Check Pods Manifest.lock */ = {
			isa = PBXShellScriptBuildPhase;
			buildActionMask = 2147483647;
			files = (
			);
			inputPaths = (
				"${PODS_PODFILE_DIR_PATH}/Podfile.lock",
				"${PODS_ROOT}/Manifest.lock",
			);
			name = "[CP] Check Pods Manifest.lock";
			outputPaths = (
				"$(DERIVED_FILE_DIR)/Pods-snapkit-sampleTests-checkManifestLockResult.txt",
			);
			runOnlyForDeploymentPostprocessing = 0;
			shellPath = /bin/sh;
			shellScript = "diff \"${PODS_PODFILE_DIR_PATH}/Podfile.lock\" \"${PODS_ROOT}/Manifest.lock\" > /dev/null\nif [ $? != 0 ] ; then\n    # print error to STDERR\n    echo \"error: The sandbox is not in sync with the Podfile.lock. Run 'pod install' or update your CocoaPods installation.\" >&2\n    exit 1\nfi\n# This output is used by Xcode 'outputs' to avoid re-running this script phase.\necho \"SUCCESS\" > \"${SCRIPT_OUTPUT_FILE_0}\"\n";
			showEnvVarsInLog = 0;
		};
		E83EB5A574A9329632FB8EA9 /* [CP] Check Pods Manifest.lock */ = {
			isa = PBXShellScriptBuildPhase;
			buildActionMask = 2147483647;
			files = (
			);
			inputPaths = (
				"${PODS_PODFILE_DIR_PATH}/Podfile.lock",
				"${PODS_ROOT}/Manifest.lock",
			);
			name = "[CP] Check Pods Manifest.lock";
			outputPaths = (
				"$(DERIVED_FILE_DIR)/Pods-snapkit-sample-checkManifestLockResult.txt",
			);
			runOnlyForDeploymentPostprocessing = 0;
			shellPath = /bin/sh;
			shellScript = "diff \"${PODS_PODFILE_DIR_PATH}/Podfile.lock\" \"${PODS_ROOT}/Manifest.lock\" > /dev/null\nif [ $? != 0 ] ; then\n    # print error to STDERR\n    echo \"error: The sandbox is not in sync with the Podfile.lock. Run 'pod install' or update your CocoaPods installation.\" >&2\n    exit 1\nfi\n# This output is used by Xcode 'outputs' to avoid re-running this script phase.\necho \"SUCCESS\" > \"${SCRIPT_OUTPUT_FILE_0}\"\n";
			showEnvVarsInLog = 0;
		};
		F5FAD70080ACB565ECC7DE57 /* [CP] Embed Pods Frameworks */ = {
			isa = PBXShellScriptBuildPhase;
			buildActionMask = 2147483647;
			files = (
			);
			inputPaths = (
				"${SRCROOT}/Pods/Target Support Files/Pods-snapkit-sample/Pods-snapkit-sample-frameworks.sh",
				"${BUILT_PRODUCTS_DIR}/SnapKit/SnapKit.framework",
			);
			name = "[CP] Embed Pods Frameworks";
			outputPaths = (
				"${TARGET_BUILD_DIR}/${FRAMEWORKS_FOLDER_PATH}/SnapKit.framework",
			);
			runOnlyForDeploymentPostprocessing = 0;
			shellPath = /bin/sh;
			shellScript = "\"${SRCROOT}/Pods/Target Support Files/Pods-snapkit-sample/Pods-snapkit-sample-frameworks.sh\"\n";
			showEnvVarsInLog = 0;
		};
/* End PBXShellScriptBuildPhase section */

/* Begin PBXSourcesBuildPhase section */
		46DAFCFC20F5DC6400993F2E /* Sources */ = {
			isa = PBXSourcesBuildPhase;
			buildActionMask = 2147483647;
			files = (
				46DAFD2620F5E2E000993F2E /* SimpleLayoutViewController.swift in Sources */,
				46DAFD0620F5DC6400993F2E /* BasicUIScrollViewController.swift in Sources */,
				46DAFD0420F5DC6400993F2E /* AppDelegate.swift in Sources */,
				46DAFD2420F5DFC900993F2E /* ListViewController.swift in Sources */,
			);
			runOnlyForDeploymentPostprocessing = 0;
		};
		46DAFD1020F5DC6700993F2E /* Sources */ = {
			isa = PBXSourcesBuildPhase;
			buildActionMask = 2147483647;
			files = (
				46DAFD1920F5DC6800993F2E /* snapkit_sampleTests.swift in Sources */,
			);
			runOnlyForDeploymentPostprocessing = 0;
		};
/* End PBXSourcesBuildPhase section */

/* Begin PBXTargetDependency section */
		46DAFD1620F5DC6800993F2E /* PBXTargetDependency */ = {
			isa = PBXTargetDependency;
			target = 46DAFCFF20F5DC6400993F2E /* snapkit-sample */;
			targetProxy = 46DAFD1520F5DC6800993F2E /* PBXContainerItemProxy */;
		};
/* End PBXTargetDependency section */

/* Begin PBXVariantGroup section */
		46DAFD0C20F5DC6700993F2E /* LaunchScreen.storyboard */ = {
			isa = PBXVariantGroup;
			children = (
				46DAFD0D20F5DC6700993F2E /* Base */,
			);
			name = LaunchScreen.storyboard;
			sourceTree = "<group>";
		};
/* End PBXVariantGroup section */

/* Begin XCBuildConfiguration section */
		46DAFD1B20F5DC6800993F2E /* Debug */ = {
			isa = XCBuildConfiguration;
			buildSettings = {
				ALWAYS_SEARCH_USER_PATHS = NO;
				CLANG_ANALYZER_NONNULL = YES;
				CLANG_ANALYZER_NUMBER_OBJECT_CONVERSION = YES_AGGRESSIVE;
				CLANG_CXX_LANGUAGE_STANDARD = "gnu++14";
				CLANG_CXX_LIBRARY = "libc++";
				CLANG_ENABLE_MODULES = YES;
				CLANG_ENABLE_OBJC_ARC = YES;
				CLANG_ENABLE_OBJC_WEAK = YES;
				CLANG_WARN_BLOCK_CAPTURE_AUTORELEASING = YES;
				CLANG_WARN_BOOL_CONVERSION = YES;
				CLANG_WARN_COMMA = YES;
				CLANG_WARN_CONSTANT_CONVERSION = YES;
				CLANG_WARN_DEPRECATED_OBJC_IMPLEMENTATIONS = YES;
				CLANG_WARN_DIRECT_OBJC_ISA_USAGE = YES_ERROR;
				CLANG_WARN_DOCUMENTATION_COMMENTS = YES;
				CLANG_WARN_EMPTY_BODY = YES;
				CLANG_WARN_ENUM_CONVERSION = YES;
				CLANG_WARN_INFINITE_RECURSION = YES;
				CLANG_WARN_INT_CONVERSION = YES;
				CLANG_WARN_NON_LITERAL_NULL_CONVERSION = YES;
				CLANG_WARN_OBJC_IMPLICIT_RETAIN_SELF = YES;
				CLANG_WARN_OBJC_LITERAL_CONVERSION = YES;
				CLANG_WARN_OBJC_ROOT_CLASS = YES_ERROR;
				CLANG_WARN_RANGE_LOOP_ANALYSIS = YES;
				CLANG_WARN_STRICT_PROTOTYPES = YES;
				CLANG_WARN_SUSPICIOUS_MOVE = YES;
				CLANG_WARN_UNGUARDED_AVAILABILITY = YES_AGGRESSIVE;
				CLANG_WARN_UNREACHABLE_CODE = YES;
				CLANG_WARN__DUPLICATE_METHOD_MATCH = YES;
				CODE_SIGN_IDENTITY = "iPhone Developer";
				COPY_PHASE_STRIP = NO;
				DEBUG_INFORMATION_FORMAT = dwarf;
				ENABLE_STRICT_OBJC_MSGSEND = YES;
				ENABLE_TESTABILITY = YES;
				GCC_C_LANGUAGE_STANDARD = gnu11;
				GCC_DYNAMIC_NO_PIC = NO;
				GCC_NO_COMMON_BLOCKS = YES;
				GCC_OPTIMIZATION_LEVEL = 0;
				GCC_PREPROCESSOR_DEFINITIONS = (
					"DEBUG=1",
					"$(inherited)",
				);
				GCC_WARN_64_TO_32_BIT_CONVERSION = YES;
				GCC_WARN_ABOUT_RETURN_TYPE = YES_ERROR;
				GCC_WARN_UNDECLARED_SELECTOR = YES;
				GCC_WARN_UNINITIALIZED_AUTOS = YES_AGGRESSIVE;
				GCC_WARN_UNUSED_FUNCTION = YES;
				GCC_WARN_UNUSED_VARIABLE = YES;
				IPHONEOS_DEPLOYMENT_TARGET = 11.3;
				MTL_ENABLE_DEBUG_INFO = YES;
				ONLY_ACTIVE_ARCH = YES;
				SDKROOT = iphoneos;
				SWIFT_ACTIVE_COMPILATION_CONDITIONS = DEBUG;
				SWIFT_OPTIMIZATION_LEVEL = "-Onone";
			};
			name = Debug;
		};
		46DAFD1C20F5DC6800993F2E /* Release */ = {
			isa = XCBuildConfiguration;
			buildSettings = {
				ALWAYS_SEARCH_USER_PATHS = NO;
				CLANG_ANALYZER_NONNULL = YES;
				CLANG_ANALYZER_NUMBER_OBJECT_CONVERSION = YES_AGGRESSIVE;
				CLANG_CXX_LANGUAGE_STANDARD = "gnu++14";
				CLANG_CXX_LIBRARY = "libc++";
				CLANG_ENABLE_MODULES = YES;
				CLANG_ENABLE_OBJC_ARC = YES;
				CLANG_ENABLE_OBJC_WEAK = YES;
				CLANG_WARN_BLOCK_CAPTURE_AUTORELEASING = YES;
				CLANG_WARN_BOOL_CONVERSION = YES;
				CLANG_WARN_COMMA = YES;
				CLANG_WARN_CONSTANT_CONVERSION = YES;
				CLANG_WARN_DEPRECATED_OBJC_IMPLEMENTATIONS = YES;
				CLANG_WARN_DIRECT_OBJC_ISA_USAGE = YES_ERROR;
				CLANG_WARN_DOCUMENTATION_COMMENTS = YES;
				CLANG_WARN_EMPTY_BODY = YES;
				CLANG_WARN_ENUM_CONVERSION = YES;
				CLANG_WARN_INFINITE_RECURSION = YES;
				CLANG_WARN_INT_CONVERSION = YES;
				CLANG_WARN_NON_LITERAL_NULL_CONVERSION = YES;
				CLANG_WARN_OBJC_IMPLICIT_RETAIN_SELF = YES;
				CLANG_WARN_OBJC_LITERAL_CONVERSION = YES;
				CLANG_WARN_OBJC_ROOT_CLASS = YES_ERROR;
				CLANG_WARN_RANGE_LOOP_ANALYSIS = YES;
				CLANG_WARN_STRICT_PROTOTYPES = YES;
				CLANG_WARN_SUSPICIOUS_MOVE = YES;
				CLANG_WARN_UNGUARDED_AVAILABILITY = YES_AGGRESSIVE;
				CLANG_WARN_UNREACHABLE_CODE = YES;
				CLANG_WARN__DUPLICATE_METHOD_MATCH = YES;
				CODE_SIGN_IDENTITY = "iPhone Developer";
				COPY_PHASE_STRIP = NO;
				DEBUG_INFORMATION_FORMAT = "dwarf-with-dsym";
				ENABLE_NS_ASSERTIONS = NO;
				ENABLE_STRICT_OBJC_MSGSEND = YES;
				GCC_C_LANGUAGE_STANDARD = gnu11;
				GCC_NO_COMMON_BLOCKS = YES;
				GCC_WARN_64_TO_32_BIT_CONVERSION = YES;
				GCC_WARN_ABOUT_RETURN_TYPE = YES_ERROR;
				GCC_WARN_UNDECLARED_SELECTOR = YES;
				GCC_WARN_UNINITIALIZED_AUTOS = YES_AGGRESSIVE;
				GCC_WARN_UNUSED_FUNCTION = YES;
				GCC_WARN_UNUSED_VARIABLE = YES;
				IPHONEOS_DEPLOYMENT_TARGET = 11.3;
				MTL_ENABLE_DEBUG_INFO = NO;
				SDKROOT = iphoneos;
				SWIFT_COMPILATION_MODE = wholemodule;
				SWIFT_OPTIMIZATION_LEVEL = "-O";
				VALIDATE_PRODUCT = YES;
			};
			name = Release;
		};
		46DAFD1E20F5DC6800993F2E /* Debug */ = {
			isa = XCBuildConfiguration;
			baseConfigurationReference = 60A69CAC1DFE00DA736B0711 /* Pods-snapkit-sample.debug.xcconfig */;
			buildSettings = {
				ASSETCATALOG_COMPILER_APPICON_NAME = AppIcon;
				CODE_SIGN_STYLE = Automatic;
				INFOPLIST_FILE = "snapkit-sample/Info.plist";
				LD_RUNPATH_SEARCH_PATHS = (
					"$(inherited)",
					"@executable_path/Frameworks",
				);
				PRODUCT_BUNDLE_IDENTIFIER = "jp.ne.takayuki.hara.snapkit-sample";
				PRODUCT_NAME = "$(TARGET_NAME)";
				SWIFT_VERSION = 4.0;
				TARGETED_DEVICE_FAMILY = "1,2";
			};
			name = Debug;
		};
		46DAFD1F20F5DC6800993F2E /* Release */ = {
			isa = XCBuildConfiguration;
			baseConfigurationReference = 5FF74B9D96482F4E1D75DEF9 /* Pods-snapkit-sample.release.xcconfig */;
			buildSettings = {
				ASSETCATALOG_COMPILER_APPICON_NAME = AppIcon;
				CODE_SIGN_STYLE = Automatic;
				INFOPLIST_FILE = "snapkit-sample/Info.plist";
				LD_RUNPATH_SEARCH_PATHS = (
					"$(inherited)",
					"@executable_path/Frameworks",
				);
				PRODUCT_BUNDLE_IDENTIFIER = "jp.ne.takayuki.hara.snapkit-sample";
				PRODUCT_NAME = "$(TARGET_NAME)";
				SWIFT_VERSION = 4.0;
				TARGETED_DEVICE_FAMILY = "1,2";
			};
			name = Release;
		};
		46DAFD2120F5DC6800993F2E /* Debug */ = {
			isa = XCBuildConfiguration;
			baseConfigurationReference = 8BA4A955FBC13A1C90D7CEF7 /* Pods-snapkit-sampleTests.debug.xcconfig */;
			buildSettings = {
				ALWAYS_EMBED_SWIFT_STANDARD_LIBRARIES = YES;
				BUNDLE_LOADER = "$(TEST_HOST)";
				CODE_SIGN_STYLE = Automatic;
				INFOPLIST_FILE = "snapkit-sampleTests/Info.plist";
				LD_RUNPATH_SEARCH_PATHS = (
					"$(inherited)",
					"@executable_path/Frameworks",
					"@loader_path/Frameworks",
				);
				PRODUCT_BUNDLE_IDENTIFIER = "jp.ne.takayuki.hara.snapkit-sampleTests";
				PRODUCT_NAME = "$(TARGET_NAME)";
				SWIFT_VERSION = 4.0;
				TARGETED_DEVICE_FAMILY = "1,2";
				TEST_HOST = "$(BUILT_PRODUCTS_DIR)/snapkit-sample.app/snapkit-sample";
			};
			name = Debug;
		};
		46DAFD2220F5DC6800993F2E /* Release */ = {
			isa = XCBuildConfiguration;
			baseConfigurationReference = 310D4BEF36F99A1AFF8EBCC7 /* Pods-snapkit-sampleTests.release.xcconfig */;
			buildSettings = {
				ALWAYS_EMBED_SWIFT_STANDARD_LIBRARIES = YES;
				BUNDLE_LOADER = "$(TEST_HOST)";
				CODE_SIGN_STYLE = Automatic;
				INFOPLIST_FILE = "snapkit-sampleTests/Info.plist";
				LD_RUNPATH_SEARCH_PATHS = (
					"$(inherited)",
					"@executable_path/Frameworks",
					"@loader_path/Frameworks",
				);
				PRODUCT_BUNDLE_IDENTIFIER = "jp.ne.takayuki.hara.snapkit-sampleTests";
				PRODUCT_NAME = "$(TARGET_NAME)";
				SWIFT_VERSION = 4.0;
				TARGETED_DEVICE_FAMILY = "1,2";
				TEST_HOST = "$(BUILT_PRODUCTS_DIR)/snapkit-sample.app/snapkit-sample";
			};
			name = Release;
		};
/* End XCBuildConfiguration section */

/* Begin XCConfigurationList section */
		46DAFCFB20F5DC6400993F2E /* Build configuration list for PBXProject "snapkit-sample" */ = {
			isa = XCConfigurationList;
			buildConfigurations = (
				46DAFD1B20F5DC6800993F2E /* Debug */,
				46DAFD1C20F5DC6800993F2E /* Release */,
			);
			defaultConfigurationIsVisible = 0;
			defaultConfigurationName = Release;
		};
		46DAFD1D20F5DC6800993F2E /* Build configuration list for PBXNativeTarget "snapkit-sample" */ = {
			isa = XCConfigurationList;
			buildConfigurations = (
				46DAFD1E20F5DC6800993F2E /* Debug */,
				46DAFD1F20F5DC6800993F2E /* Release */,
			);
			defaultConfigurationIsVisible = 0;
			defaultConfigurationName = Release;
		};
		46DAFD2020F5DC6800993F2E /* Build configuration list for PBXNativeTarget "snapkit-sampleTests" */ = {
			isa = XCConfigurationList;
			buildConfigurations = (
				46DAFD2120F5DC6800993F2E /* Debug */,
				46DAFD2220F5DC6800993F2E /* Release */,
			);
			defaultConfigurationIsVisible = 0;
			defaultConfigurationName = Release;
		};
/* End XCConfigurationList section */
	};
	rootObject = 46DAFCF820F5DC6400993F2E /* Project object */;
}
