// !$*UTF8*$!
{
	archiveVersion = 1;
	classes = {
	};
	objectVersion = 50;
	objects = {

/* Begin PBXBuildFile section */
		46A3230520FF3102009EA454 /* AppDelegate.swift in Sources */ = {isa = PBXBuildFile; fileRef = 46A3230420FF3102009EA454 /* AppDelegate.swift */; };
		46A3230720FF3102009EA454 /* ViewController.swift in Sources */ = {isa = PBXBuildFile; fileRef = 46A3230620FF3102009EA454 /* ViewController.swift */; };
		46A3230A20FF3102009EA454 /* Main.storyboard in Resources */ = {isa = PBXBuildFile; fileRef = 46A3230820FF3102009EA454 /* Main.storyboard */; };
		46A3230C20FF3104009EA454 /* Assets.xcassets in Resources */ = {isa = PBXBuildFile; fileRef = 46A3230B20FF3104009EA454 /* Assets.xcassets */; };
		46A3230F20FF3104009EA454 /* LaunchScreen.storyboard in Resources */ = {isa = PBXBuildFile; fileRef = 46A3230D20FF3104009EA454 /* LaunchScreen.storyboard */; };
		46A3231A20FF3104009EA454 /* keychainaccess_sampleTests.swift in Sources */ = {isa = PBXBuildFile; fileRef = 46A3231920FF3104009EA454 /* keychainaccess_sampleTests.swift */; };
		A56161130046B5A418DA8BC2 /* Pods_keychainaccess_sample.framework in Frameworks */ = {isa = PBXBuildFile; fileRef = D422CF7CFFFF7AD8BEB42A5A /* Pods_keychainaccess_sample.framework */; };
		C3F9AB340D9B0571D9E6CFE9 /* Pods_keychainaccess_sampleTests.framework in Frameworks */ = {isa = PBXBuildFile; fileRef = C9F2EFC8BC35E318480238DD /* Pods_keychainaccess_sampleTests.framework */; };
/* End PBXBuildFile section */

/* Begin PBXContainerItemProxy section */
		46A3231620FF3104009EA454 /* PBXContainerItemProxy */ = {
			isa = PBXContainerItemProxy;
			containerPortal = 46A322F920FF3102009EA454 /* Project object */;
			proxyType = 1;
			remoteGlobalIDString = 46A3230020FF3102009EA454;
			remoteInfo = "keychainaccess-sample";
		};
/* End PBXContainerItemProxy section */

/* Begin PBXFileReference section */
		3305064ED5D60ABCC7F73E86 /* Pods-keychainaccess-sampleTests.release.xcconfig */ = {isa = PBXFileReference; includeInIndex = 1; lastKnownFileType = text.xcconfig; name = "Pods-keychainaccess-sampleTests.release.xcconfig"; path = "Pods/Target Support Files/Pods-keychainaccess-sampleTests/Pods-keychainaccess-sampleTests.release.xcconfig"; sourceTree = "<group>"; };
		46A3230120FF3102009EA454 /* keychainaccess-sample.app */ = {isa = PBXFileReference; explicitFileType = wrapper.application; includeInIndex = 0; path = "keychainaccess-sample.app"; sourceTree = BUILT_PRODUCTS_DIR; };
		46A3230420FF3102009EA454 /* AppDelegate.swift */ = {isa = PBXFileReference; lastKnownFileType = sourcecode.swift; path = AppDelegate.swift; sourceTree = "<group>"; };
		46A3230620FF3102009EA454 /* ViewController.swift */ = {isa = PBXFileReference; lastKnownFileType = sourcecode.swift; path = ViewController.swift; sourceTree = "<group>"; };
		46A3230920FF3102009EA454 /* Base */ = {isa = PBXFileReference; lastKnownFileType = file.storyboard; name = Base; path = Base.lproj/Main.storyboard; sourceTree = "<group>"; };
		46A3230B20FF3104009EA454 /* Assets.xcassets */ = {isa = PBXFileReference; lastKnownFileType = folder.assetcatalog; path = Assets.xcassets; sourceTree = "<group>"; };
		46A3230E20FF3104009EA454 /* Base */ = {isa = PBXFileReference; lastKnownFileType = file.storyboard; name = Base; path = Base.lproj/LaunchScreen.storyboard; sourceTree = "<group>"; };
		46A3231020FF3104009EA454 /* Info.plist */ = {isa = PBXFileReference; lastKnownFileType = text.plist.xml; path = Info.plist; sourceTree = "<group>"; };
		46A3231520FF3104009EA454 /* keychainaccess-sampleTests.xctest */ = {isa = PBXFileReference; explicitFileType = wrapper.cfbundle; includeInIndex = 0; path = "keychainaccess-sampleTests.xctest"; sourceTree = BUILT_PRODUCTS_DIR; };
		46A3231920FF3104009EA454 /* keychainaccess_sampleTests.swift */ = {isa = PBXFileReference; lastKnownFileType = sourcecode.swift; path = keychainaccess_sampleTests.swift; sourceTree = "<group>"; };
		46A3231B20FF3104009EA454 /* Info.plist */ = {isa = PBXFileReference; lastKnownFileType = text.plist.xml; path = Info.plist; sourceTree = "<group>"; };
		AC8C4B2815EF3A91EE4B3F77 /* Pods-keychainaccess-sampleTests.debug.xcconfig */ = {isa = PBXFileReference; includeInIndex = 1; lastKnownFileType = text.xcconfig; name = "Pods-keychainaccess-sampleTests.debug.xcconfig"; path = "Pods/Target Support Files/Pods-keychainaccess-sampleTests/Pods-keychainaccess-sampleTests.debug.xcconfig"; sourceTree = "<group>"; };
		BC132B092FD06AE79048B3B5 /* Pods-keychainaccess-sample.release.xcconfig */ = {isa = PBXFileReference; includeInIndex = 1; lastKnownFileType = text.xcconfig; name = "Pods-keychainaccess-sample.release.xcconfig"; path = "Pods/Target Support Files/Pods-keychainaccess-sample/Pods-keychainaccess-sample.release.xcconfig"; sourceTree = "<group>"; };
		C9F2EFC8BC35E318480238DD /* Pods_keychainaccess_sampleTests.framework */ = {isa = PBXFileReference; explicitFileType = wrapper.framework; includeInIndex = 0; path = Pods_keychainaccess_sampleTests.framework; sourceTree = BUILT_PRODUCTS_DIR; };
		D422CF7CFFFF7AD8BEB42A5A /* Pods_keychainaccess_sample.framework */ = {isa = PBXFileReference; explicitFileType = wrapper.framework; includeInIndex = 0; path = Pods_keychainaccess_sample.framework; sourceTree = BUILT_PRODUCTS_DIR; };
		D85D3210AAB43B602881C69B /* Pods-keychainaccess-sample.debug.xcconfig */ = {isa = PBXFileReference; includeInIndex = 1; lastKnownFileType = text.xcconfig; name = "Pods-keychainaccess-sample.debug.xcconfig"; path = "Pods/Target Support Files/Pods-keychainaccess-sample/Pods-keychainaccess-sample.debug.xcconfig"; sourceTree = "<group>"; };
/* End PBXFileReference section */

/* Begin PBXFrameworksBuildPhase section */
		46A322FE20FF3102009EA454 /* Frameworks */ = {
			isa = PBXFrameworksBuildPhase;
			buildActionMask = 2147483647;
			files = (
				A56161130046B5A418DA8BC2 /* Pods_keychainaccess_sample.framework in Frameworks */,
			);
			runOnlyForDeploymentPostprocessing = 0;
		};
		46A3231220FF3104009EA454 /* Frameworks */ = {
			isa = PBXFrameworksBuildPhase;
			buildActionMask = 2147483647;
			files = (
				C3F9AB340D9B0571D9E6CFE9 /* Pods_keychainaccess_sampleTests.framework in Frameworks */,
			);
			runOnlyForDeploymentPostprocessing = 0;
		};
/* End PBXFrameworksBuildPhase section */

/* Begin PBXGroup section */
		46A322F820FF3102009EA454 = {
			isa = PBXGroup;
			children = (
				46A3230320FF3102009EA454 /* keychainaccess-sample */,
				46A3231820FF3104009EA454 /* keychainaccess-sampleTests */,
				46A3230220FF3102009EA454 /* Products */,
				FCC80AEB86112C840DE42786 /* Pods */,
				63B08F879D81D42DF48FCED2 /* Frameworks */,
			);
			sourceTree = "<group>";
		};
		46A3230220FF3102009EA454 /* Products */ = {
			isa = PBXGroup;
			children = (
				46A3230120FF3102009EA454 /* keychainaccess-sample.app */,
				46A3231520FF3104009EA454 /* keychainaccess-sampleTests.xctest */,
			);
			name = Products;
			sourceTree = "<group>";
		};
		46A3230320FF3102009EA454 /* keychainaccess-sample */ = {
			isa = PBXGroup;
			children = (
				46A3230420FF3102009EA454 /* AppDelegate.swift */,
				46A3230620FF3102009EA454 /* ViewController.swift */,
				46A3230820FF3102009EA454 /* Main.storyboard */,
				46A3230B20FF3104009EA454 /* Assets.xcassets */,
				46A3230D20FF3104009EA454 /* LaunchScreen.storyboard */,
				46A3231020FF3104009EA454 /* Info.plist */,
			);
			path = "keychainaccess-sample";
			sourceTree = "<group>";
		};
		46A3231820FF3104009EA454 /* keychainaccess-sampleTests */ = {
			isa = PBXGroup;
			children = (
				46A3231920FF3104009EA454 /* keychainaccess_sampleTests.swift */,
				46A3231B20FF3104009EA454 /* Info.plist */,
			);
			path = "keychainaccess-sampleTests";
			sourceTree = "<group>";
		};
		63B08F879D81D42DF48FCED2 /* Frameworks */ = {
			isa = PBXGroup;
			children = (
				D422CF7CFFFF7AD8BEB42A5A /* Pods_keychainaccess_sample.framework */,
				C9F2EFC8BC35E318480238DD /* Pods_keychainaccess_sampleTests.framework */,
			);
			name = Frameworks;
			sourceTree = "<group>";
		};
		FCC80AEB86112C840DE42786 /* Pods */ = {
			isa = PBXGroup;
			children = (
				D85D3210AAB43B602881C69B /* Pods-keychainaccess-sample.debug.xcconfig */,
				BC132B092FD06AE79048B3B5 /* Pods-keychainaccess-sample.release.xcconfig */,
				AC8C4B2815EF3A91EE4B3F77 /* Pods-keychainaccess-sampleTests.debug.xcconfig */,
				3305064ED5D60ABCC7F73E86 /* Pods-keychainaccess-sampleTests.release.xcconfig */,
			);
			name = Pods;
			sourceTree = "<group>";
		};
/* End PBXGroup section */

/* Begin PBXNativeTarget section */
		46A3230020FF3102009EA454 /* keychainaccess-sample */ = {
			isa = PBXNativeTarget;
			buildConfigurationList = 46A3231E20FF3104009EA454 /* Build configuration list for PBXNativeTarget "keychainaccess-sample" */;
			buildPhases = (
				BD519A6DC71A62BCA8F1CB97 /* [CP] Check Pods Manifest.lock */,
				46A322FD20FF3102009EA454 /* Sources */,
				46A322FE20FF3102009EA454 /* Frameworks */,
				46A322FF20FF3102009EA454 /* Resources */,
				97C929DF98807E2F1A48FDD5 /* [CP] Embed Pods Frameworks */,
			);
			buildRules = (
			);
			dependencies = (
			);
			name = "keychainaccess-sample";
			productName = "keychainaccess-sample";
			productReference = 46A3230120FF3102009EA454 /* keychainaccess-sample.app */;
			productType = "com.apple.product-type.application";
		};
		46A3231420FF3104009EA454 /* keychainaccess-sampleTests */ = {
			isa = PBXNativeTarget;
			buildConfigurationList = 46A3232120FF3104009EA454 /* Build configuration list for PBXNativeTarget "keychainaccess-sampleTests" */;
			buildPhases = (
				2F8EA0D29113A2925900102B /* [CP] Check Pods Manifest.lock */,
				46A3231120FF3104009EA454 /* Sources */,
				46A3231220FF3104009EA454 /* Frameworks */,
				46A3231320FF3104009EA454 /* Resources */,
			);
			buildRules = (
			);
			dependencies = (
				46A3231720FF3104009EA454 /* PBXTargetDependency */,
			);
			name = "keychainaccess-sampleTests";
			productName = "keychainaccess-sampleTests";
			productReference = 46A3231520FF3104009EA454 /* keychainaccess-sampleTests.xctest */;
			productType = "com.apple.product-type.bundle.unit-test";
		};
/* End PBXNativeTarget section */

/* Begin PBXProject section */
		46A322F920FF3102009EA454 /* Project object */ = {
			isa = PBXProject;
			attributes = {
				LastSwiftUpdateCheck = 0930;
				LastUpgradeCheck = 0930;
				ORGANIZATIONNAME = takayuki.hara;
				TargetAttributes = {
					46A3230020FF3102009EA454 = {
						CreatedOnToolsVersion = 9.3;
					};
					46A3231420FF3104009EA454 = {
						CreatedOnToolsVersion = 9.3;
						TestTargetID = 46A3230020FF3102009EA454;
					};
				};
			};
			buildConfigurationList = 46A322FC20FF3102009EA454 /* Build configuration list for PBXProject "keychainaccess-sample" */;
			compatibilityVersion = "Xcode 9.3";
			developmentRegion = en;
			hasScannedForEncodings = 0;
			knownRegions = (
				en,
				Base,
			);
			mainGroup = 46A322F820FF3102009EA454;
			productRefGroup = 46A3230220FF3102009EA454 /* Products */;
			projectDirPath = "";
			projectRoot = "";
			targets = (
				46A3230020FF3102009EA454 /* keychainaccess-sample */,
				46A3231420FF3104009EA454 /* keychainaccess-sampleTests */,
			);
		};
/* End PBXProject section */

/* Begin PBXResourcesBuildPhase section */
		46A322FF20FF3102009EA454 /* Resources */ = {
			isa = PBXResourcesBuildPhase;
			buildActionMask = 2147483647;
			files = (
				46A3230F20FF3104009EA454 /* LaunchScreen.storyboard in Resources */,
				46A3230C20FF3104009EA454 /* Assets.xcassets in Resources */,
				46A3230A20FF3102009EA454 /* Main.storyboard in Resources */,
			);
			runOnlyForDeploymentPostprocessing = 0;
		};
		46A3231320FF3104009EA454 /* Resources */ = {
			isa = PBXResourcesBuildPhase;
			buildActionMask = 2147483647;
			files = (
			);
			runOnlyForDeploymentPostprocessing = 0;
		};
/* End PBXResourcesBuildPhase section */

/* Begin PBXShellScriptBuildPhase section */
		2F8EA0D29113A2925900102B /* [CP] Check Pods Manifest.lock */ = {
			isa = PBXShellScriptBuildPhase;
			buildActionMask = 2147483647;
			files = (
			);
			inputPaths = (
				"${PODS_PODFILE_DIR_PATH}/Podfile.lock",
				"${PODS_ROOT}/Manifest.lock",
			);
			name = "[CP] Check Pods Manifest.lock";
			outputPaths = (
				"$(DERIVED_FILE_DIR)/Pods-keychainaccess-sampleTests-checkManifestLockResult.txt",
			);
			runOnlyForDeploymentPostprocessing = 0;
			shellPath = /bin/sh;
			shellScript = "diff \"${PODS_PODFILE_DIR_PATH}/Podfile.lock\" \"${PODS_ROOT}/Manifest.lock\" > /dev/null\nif [ $? != 0 ] ; then\n    # print error to STDERR\n    echo \"error: The sandbox is not in sync with the Podfile.lock. Run 'pod install' or update your CocoaPods installation.\" >&2\n    exit 1\nfi\n# This output is used by Xcode 'outputs' to avoid re-running this script phase.\necho \"SUCCESS\" > \"${SCRIPT_OUTPUT_FILE_0}\"\n";
			showEnvVarsInLog = 0;
		};
		97C929DF98807E2F1A48FDD5 /* [CP] Embed Pods Frameworks */ = {
			isa = PBXShellScriptBuildPhase;
			buildActionMask = 2147483647;
			files = (
			);
			inputPaths = (
				"${SRCROOT}/Pods/Target Support Files/Pods-keychainaccess-sample/Pods-keychainaccess-sample-frameworks.sh",
				"${BUILT_PRODUCTS_DIR}/KeychainAccess/KeychainAccess.framework",
			);
			name = "[CP] Embed Pods Frameworks";
			outputPaths = (
				"${TARGET_BUILD_DIR}/${FRAMEWORKS_FOLDER_PATH}/KeychainAccess.framework",
			);
			runOnlyForDeploymentPostprocessing = 0;
			shellPath = /bin/sh;
			shellScript = "\"${SRCROOT}/Pods/Target Support Files/Pods-keychainaccess-sample/Pods-keychainaccess-sample-frameworks.sh\"\n";
			showEnvVarsInLog = 0;
		};
		BD519A6DC71A62BCA8F1CB97 /* [CP] Check Pods Manifest.lock */ = {
			isa = PBXShellScriptBuildPhase;
			buildActionMask = 2147483647;
			files = (
			);
			inputPaths = (
				"${PODS_PODFILE_DIR_PATH}/Podfile.lock",
				"${PODS_ROOT}/Manifest.lock",
			);
			name = "[CP] Check Pods Manifest.lock";
			outputPaths = (
				"$(DERIVED_FILE_DIR)/Pods-keychainaccess-sample-checkManifestLockResult.txt",
			);
			runOnlyForDeploymentPostprocessing = 0;
			shellPath = /bin/sh;
			shellScript = "diff \"${PODS_PODFILE_DIR_PATH}/Podfile.lock\" \"${PODS_ROOT}/Manifest.lock\" > /dev/null\nif [ $? != 0 ] ; then\n    # print error to STDERR\n    echo \"error: The sandbox is not in sync with the Podfile.lock. Run 'pod install' or update your CocoaPods installation.\" >&2\n    exit 1\nfi\n# This output is used by Xcode 'outputs' to avoid re-running this script phase.\necho \"SUCCESS\" > \"${SCRIPT_OUTPUT_FILE_0}\"\n";
			showEnvVarsInLog = 0;
		};
/* End PBXShellScriptBuildPhase section */

/* Begin PBXSourcesBuildPhase section */
		46A322FD20FF3102009EA454 /* Sources */ = {
			isa = PBXSourcesBuildPhase;
			buildActionMask = 2147483647;
			files = (
				46A3230720FF3102009EA454 /* ViewController.swift in Sources */,
				46A3230520FF3102009EA454 /* AppDelegate.swift in Sources */,
			);
			runOnlyForDeploymentPostprocessing = 0;
		};
		46A3231120FF3104009EA454 /* Sources */ = {
			isa = PBXSourcesBuildPhase;
			buildActionMask = 2147483647;
			files = (
				46A3231A20FF3104009EA454 /* keychainaccess_sampleTests.swift in Sources */,
			);
			runOnlyForDeploymentPostprocessing = 0;
		};
/* End PBXSourcesBuildPhase section */

/* Begin PBXTargetDependency section */
		46A3231720FF3104009EA454 /* PBXTargetDependency */ = {
			isa = PBXTargetDependency;
			target = 46A3230020FF3102009EA454 /* keychainaccess-sample */;
			targetProxy = 46A3231620FF3104009EA454 /* PBXContainerItemProxy */;
		};
/* End PBXTargetDependency section */

/* Begin PBXVariantGroup section */
		46A3230820FF3102009EA454 /* Main.storyboard */ = {
			isa = PBXVariantGroup;
			children = (
				46A3230920FF3102009EA454 /* Base */,
			);
			name = Main.storyboard;
			sourceTree = "<group>";
		};
		46A3230D20FF3104009EA454 /* LaunchScreen.storyboard */ = {
			isa = PBXVariantGroup;
			children = (
				46A3230E20FF3104009EA454 /* Base */,
			);
			name = LaunchScreen.storyboard;
			sourceTree = "<group>";
		};
/* End PBXVariantGroup section */

/* Begin XCBuildConfiguration section */
		46A3231C20FF3104009EA454 /* Debug */ = {
			isa = XCBuildConfiguration;
			buildSettings = {
				ALWAYS_SEARCH_USER_PATHS = NO;
				CLANG_ANALYZER_NONNULL = YES;
				CLANG_ANALYZER_NUMBER_OBJECT_CONVERSION = YES_AGGRESSIVE;
				CLANG_CXX_LANGUAGE_STANDARD = "gnu++14";
				CLANG_CXX_LIBRARY = "libc++";
				CLANG_ENABLE_MODULES = YES;
				CLANG_ENABLE_OBJC_ARC = YES;
				CLANG_ENABLE_OBJC_WEAK = YES;
				CLANG_WARN_BLOCK_CAPTURE_AUTORELEASING = YES;
				CLANG_WARN_BOOL_CONVERSION = YES;
				CLANG_WARN_COMMA = YES;
				CLANG_WARN_CONSTANT_CONVERSION = YES;
				CLANG_WARN_DEPRECATED_OBJC_IMPLEMENTATIONS = YES;
				CLANG_WARN_DIRECT_OBJC_ISA_USAGE = YES_ERROR;
				CLANG_WARN_DOCUMENTATION_COMMENTS = YES;
				CLANG_WARN_EMPTY_BODY = YES;
				CLANG_WARN_ENUM_CONVERSION = YES;
				CLANG_WARN_INFINITE_RECURSION = YES;
				CLANG_WARN_INT_CONVERSION = YES;
				CLANG_WARN_NON_LITERAL_NULL_CONVERSION = YES;
				CLANG_WARN_OBJC_IMPLICIT_RETAIN_SELF = YES;
				CLANG_WARN_OBJC_LITERAL_CONVERSION = YES;
				CLANG_WARN_OBJC_ROOT_CLASS = YES_ERROR;
				CLANG_WARN_RANGE_LOOP_ANALYSIS = YES;
				CLANG_WARN_STRICT_PROTOTYPES = YES;
				CLANG_WARN_SUSPICIOUS_MOVE = YES;
				CLANG_WARN_UNGUARDED_AVAILABILITY = YES_AGGRESSIVE;
				CLANG_WARN_UNREACHABLE_CODE = YES;
				CLANG_WARN__DUPLICATE_METHOD_MATCH = YES;
				CODE_SIGN_IDENTITY = "iPhone Developer";
				COPY_PHASE_STRIP = NO;
				DEBUG_INFORMATION_FORMAT = dwarf;
				ENABLE_STRICT_OBJC_MSGSEND = YES;
				ENABLE_TESTABILITY = YES;
				GCC_C_LANGUAGE_STANDARD = gnu11;
				GCC_DYNAMIC_NO_PIC = NO;
				GCC_NO_COMMON_BLOCKS = YES;
				GCC_OPTIMIZATION_LEVEL = 0;
				GCC_PREPROCESSOR_DEFINITIONS = (
					"DEBUG=1",
					"$(inherited)",
				);
				GCC_WARN_64_TO_32_BIT_CONVERSION = YES;
				GCC_WARN_ABOUT_RETURN_TYPE = YES_ERROR;
				GCC_WARN_UNDECLARED_SELECTOR = YES;
				GCC_WARN_UNINITIALIZED_AUTOS = YES_AGGRESSIVE;
				GCC_WARN_UNUSED_FUNCTION = YES;
				GCC_WARN_UNUSED_VARIABLE = YES;
				IPHONEOS_DEPLOYMENT_TARGET = 11.3;
				MTL_ENABLE_DEBUG_INFO = YES;
				ONLY_ACTIVE_ARCH = YES;
				SDKROOT = iphoneos;
				SWIFT_ACTIVE_COMPILATION_CONDITIONS = DEBUG;
				SWIFT_OPTIMIZATION_LEVEL = "-Onone";
			};
			name = Debug;
		};
		46A3231D20FF3104009EA454 /* Release */ = {
			isa = XCBuildConfiguration;
			buildSettings = {
				ALWAYS_SEARCH_USER_PATHS = NO;
				CLANG_ANALYZER_NONNULL = YES;
				CLANG_ANALYZER_NUMBER_OBJECT_CONVERSION = YES_AGGRESSIVE;
				CLANG_CXX_LANGUAGE_STANDARD = "gnu++14";
				CLANG_CXX_LIBRARY = "libc++";
				CLANG_ENABLE_MODULES = YES;
				CLANG_ENABLE_OBJC_ARC = YES;
				CLANG_ENABLE_OBJC_WEAK = YES;
				CLANG_WARN_BLOCK_CAPTURE_AUTORELEASING = YES;
				CLANG_WARN_BOOL_CONVERSION = YES;
				CLANG_WARN_COMMA = YES;
				CLANG_WARN_CONSTANT_CONVERSION = YES;
				CLANG_WARN_DEPRECATED_OBJC_IMPLEMENTATIONS = YES;
				CLANG_WARN_DIRECT_OBJC_ISA_USAGE = YES_ERROR;
				CLANG_WARN_DOCUMENTATION_COMMENTS = YES;
				CLANG_WARN_EMPTY_BODY = YES;
				CLANG_WARN_ENUM_CONVERSION = YES;
				CLANG_WARN_INFINITE_RECURSION = YES;
				CLANG_WARN_INT_CONVERSION = YES;
				CLANG_WARN_NON_LITERAL_NULL_CONVERSION = YES;
				CLANG_WARN_OBJC_IMPLICIT_RETAIN_SELF = YES;
				CLANG_WARN_OBJC_LITERAL_CONVERSION = YES;
				CLANG_WARN_OBJC_ROOT_CLASS = YES_ERROR;
				CLANG_WARN_RANGE_LOOP_ANALYSIS = YES;
				CLANG_WARN_STRICT_PROTOTYPES = YES;
				CLANG_WARN_SUSPICIOUS_MOVE = YES;
				CLANG_WARN_UNGUARDED_AVAILABILITY = YES_AGGRESSIVE;
				CLANG_WARN_UNREACHABLE_CODE = YES;
				CLANG_WARN__DUPLICATE_METHOD_MATCH = YES;
				CODE_SIGN_IDENTITY = "iPhone Developer";
				COPY_PHASE_STRIP = NO;
				DEBUG_INFORMATION_FORMAT = "dwarf-with-dsym";
				ENABLE_NS_ASSERTIONS = NO;
				ENABLE_STRICT_OBJC_MSGSEND = YES;
				GCC_C_LANGUAGE_STANDARD = gnu11;
				GCC_NO_COMMON_BLOCKS = YES;
				GCC_WARN_64_TO_32_BIT_CONVERSION = YES;
				GCC_WARN_ABOUT_RETURN_TYPE = YES_ERROR;
				GCC_WARN_UNDECLARED_SELECTOR = YES;
				GCC_WARN_UNINITIALIZED_AUTOS = YES_AGGRESSIVE;
				GCC_WARN_UNUSED_FUNCTION = YES;
				GCC_WARN_UNUSED_VARIABLE = YES;
				IPHONEOS_DEPLOYMENT_TARGET = 11.3;
				MTL_ENABLE_DEBUG_INFO = NO;
				SDKROOT = iphoneos;
				SWIFT_COMPILATION_MODE = wholemodule;
				SWIFT_OPTIMIZATION_LEVEL = "-O";
				VALIDATE_PRODUCT = YES;
			};
			name = Release;
		};
		46A3231F20FF3104009EA454 /* Debug */ = {
			isa = XCBuildConfiguration;
			baseConfigurationReference = D85D3210AAB43B602881C69B /* Pods-keychainaccess-sample.debug.xcconfig */;
			buildSettings = {
				ASSETCATALOG_COMPILER_APPICON_NAME = AppIcon;
				CODE_SIGN_STYLE = Automatic;
				INFOPLIST_FILE = "keychainaccess-sample/Info.plist";
				LD_RUNPATH_SEARCH_PATHS = (
					"$(inherited)",
					"@executable_path/Frameworks",
				);
				PRODUCT_BUNDLE_IDENTIFIER = "jp.ne.takayuki.hara.keychainaccess-sample";
				PRODUCT_NAME = "$(TARGET_NAME)";
				SWIFT_VERSION = 4.0;
				TARGETED_DEVICE_FAMILY = "1,2";
			};
			name = Debug;
		};
		46A3232020FF3104009EA454 /* Release */ = {
			isa = XCBuildConfiguration;
			baseConfigurationReference = BC132B092FD06AE79048B3B5 /* Pods-keychainaccess-sample.release.xcconfig */;
			buildSettings = {
				ASSETCATALOG_COMPILER_APPICON_NAME = AppIcon;
				CODE_SIGN_STYLE = Automatic;
				INFOPLIST_FILE = "keychainaccess-sample/Info.plist";
				LD_RUNPATH_SEARCH_PATHS = (
					"$(inherited)",
					"@executable_path/Frameworks",
				);
				PRODUCT_BUNDLE_IDENTIFIER = "jp.ne.takayuki.hara.keychainaccess-sample";
				PRODUCT_NAME = "$(TARGET_NAME)";
				SWIFT_VERSION = 4.0;
				TARGETED_DEVICE_FAMILY = "1,2";
			};
			name = Release;
		};
		46A3232220FF3104009EA454 /* Debug */ = {
			isa = XCBuildConfiguration;
			baseConfigurationReference = AC8C4B2815EF3A91EE4B3F77 /* Pods-keychainaccess-sampleTests.debug.xcconfig */;
			buildSettings = {
				ALWAYS_EMBED_SWIFT_STANDARD_LIBRARIES = YES;
				BUNDLE_LOADER = "$(TEST_HOST)";
				CODE_SIGN_STYLE = Automatic;
				INFOPLIST_FILE = "keychainaccess-sampleTests/Info.plist";
				LD_RUNPATH_SEARCH_PATHS = (
					"$(inherited)",
					"@executable_path/Frameworks",
					"@loader_path/Frameworks",
				);
				PRODUCT_BUNDLE_IDENTIFIER = "jp.ne.takayuki.hara.keychainaccess-sampleTests";
				PRODUCT_NAME = "$(TARGET_NAME)";
				SWIFT_VERSION = 4.0;
				TARGETED_DEVICE_FAMILY = "1,2";
				TEST_HOST = "$(BUILT_PRODUCTS_DIR)/keychainaccess-sample.app/keychainaccess-sample";
			};
			name = Debug;
		};
		46A3232320FF3104009EA454 /* Release */ = {
			isa = XCBuildConfiguration;
			baseConfigurationReference = 3305064ED5D60ABCC7F73E86 /* Pods-keychainaccess-sampleTests.release.xcconfig */;
			buildSettings = {
				ALWAYS_EMBED_SWIFT_STANDARD_LIBRARIES = YES;
				BUNDLE_LOADER = "$(TEST_HOST)";
				CODE_SIGN_STYLE = Automatic;
				INFOPLIST_FILE = "keychainaccess-sampleTests/Info.plist";
				LD_RUNPATH_SEARCH_PATHS = (
					"$(inherited)",
					"@executable_path/Frameworks",
					"@loader_path/Frameworks",
				);
				PRODUCT_BUNDLE_IDENTIFIER = "jp.ne.takayuki.hara.keychainaccess-sampleTests";
				PRODUCT_NAME = "$(TARGET_NAME)";
				SWIFT_VERSION = 4.0;
				TARGETED_DEVICE_FAMILY = "1,2";
				TEST_HOST = "$(BUILT_PRODUCTS_DIR)/keychainaccess-sample.app/keychainaccess-sample";
			};
			name = Release;
		};
/* End XCBuildConfiguration section */

/* Begin XCConfigurationList section */
		46A322FC20FF3102009EA454 /* Build configuration list for PBXProject "keychainaccess-sample" */ = {
			isa = XCConfigurationList;
			buildConfigurations = (
				46A3231C20FF3104009EA454 /* Debug */,
				46A3231D20FF3104009EA454 /* Release */,
			);
			defaultConfigurationIsVisible = 0;
			defaultConfigurationName = Release;
		};
		46A3231E20FF3104009EA454 /* Build configuration list for PBXNativeTarget "keychainaccess-sample" */ = {
			isa = XCConfigurationList;
			buildConfigurations = (
				46A3231F20FF3104009EA454 /* Debug */,
				46A3232020FF3104009EA454 /* Release */,
			);
			defaultConfigurationIsVisible = 0;
			defaultConfigurationName = Release;
		};
		46A3232120FF3104009EA454 /* Build configuration list for PBXNativeTarget "keychainaccess-sampleTests" */ = {
			isa = XCConfigurationList;
			buildConfigurations = (
				46A3232220FF3104009EA454 /* Debug */,
				46A3232320FF3104009EA454 /* Release */,
			);
			defaultConfigurationIsVisible = 0;
			defaultConfigurationName = Release;
		};
/* End XCConfigurationList section */
	};
	rootObject = 46A322F920FF3102009EA454 /* Project object */;
}
